
Microsoft Visual Studio Solution File, Format Version 12.00
# Visual Studio 15
VisualStudioVersion = 15.0.27703.2000
MinimumVisualStudioVersion = 10.0.40219.1
Project("{FAE04EC0-301F-11D3-BF4B-00C04F79EFBC}") = "FunnyAnalyser.Library.Test", "FunnyAnalyser.Library.Test\FunnyAnalyser.Library.Test.csproj", "{9D4761B7-ACF3-4BB3-B70C-6D0DB9A72FC7}"
EndProject
Project("{9A19103F-16F7-4668-BE54-9A1E7A4F7556}") = "FunnyAnalyser.App", "FunnyAnalyser\FunnyAnalyser.App.csproj", "{6385C9FA-C1F1-4A63-91BF-AE3144EEA975}"
EndProject
Project("{9A19103F-16F7-4668-BE54-9A1E7A4F7556}") = "FunnyAnalyser.Library", "FunnyAnalyser.Library\FunnyAnalyser.Library.csproj", "{BB1CF9D7-0E8F-48A3-8814-24BF3286F332}"
EndProject
Global
	GlobalSection(SolutionConfigurationPlatforms) = preSolution
		Debug|Any CPU = Debug|Any CPU
		Release|Any CPU = Release|Any CPU
	EndGlobalSection
	GlobalSection(ProjectConfigurationPlatforms) = postSolution
		{9D4761B7-ACF3-4BB3-B70C-6D0DB9A72FC7}.Debug|Any CPU.ActiveCfg = Debug|Any CPU
		{9D4761B7-ACF3-4BB3-B70C-6D0DB9A72FC7}.Debug|Any CPU.Build.0 = Debug|Any CPU
		{9D4761B7-ACF3-4BB3-B70C-6D0DB9A72FC7}.Release|Any CPU.ActiveCfg = Release|Any CPU
		{9D4761B7-ACF3-4BB3-B70C-6D0DB9A72FC7}.Release|Any CPU.Build.0 = Release|Any CPU
		{6385C9FA-C1F1-4A63-91BF-AE3144EEA975}.Debug|Any CPU.ActiveCfg = Debug|Any CPU
		{6385C9FA-C1F1-4A63-91BF-AE3144EEA975}.Debug|Any CPU.Build.0 = Debug|Any CPU
		{6385C9FA-C1F1-4A63-91BF-AE3144EEA975}.Release|Any CPU.ActiveCfg = Release|Any CPU
		{6385C9FA-C1F1-4A63-91BF-AE3144EEA975}.Release|Any CPU.Build.0 = Release|Any CPU
		{BB1CF9D7-0E8F-48A3-8814-24BF3286F332}.Debug|Any CPU.ActiveCfg = Debug|Any CPU
		{BB1CF9D7-0E8F-48A3-8814-24BF3286F332}.Debug|Any CPU.Build.0 = Debug|Any CPU
		{BB1CF9D7-0E8F-48A3-8814-24BF3286F332}.Release|Any CPU.ActiveCfg = Release|Any CPU
		{BB1CF9D7-0E8F-48A3-8814-24BF3286F332}.Release|Any CPU.Build.0 = Release|Any CPU
	EndGlobalSection
	GlobalSection(SolutionProperties) = preSolution
		HideSolutionNode = FALSE
	EndGlobalSection
	GlobalSection(ExtensibilityGlobals) = postSolution
		SolutionGuid = {B93351AC-EA26-4F9D-86AD-16F6C3E6F9CD}
	EndGlobalSection
EndGlobal
